// !$*UTF8*$!
{
	archiveVersion = 1;
	classes = {
	};
	objectVersion = 46;
	objects = {

/* Begin PBXBuildFile section */
		10CB7FE416F8C10000E250BD /* libMonacaFramework.a in Frameworks */ = {isa = PBXBuildFile; fileRef = 10CB7FE316F8C10000E250BD /* libMonacaFramework.a */; };
		3E3DFB0415E4A1FB001C0AAD /* 404 in Resources */ = {isa = PBXBuildFile; fileRef = 3E3DFB0315E4A1FB001C0AAD /* 404 */; };
		3E58C481166BBDB0001E01B8 /* CoreVideo.framework in Frameworks */ = {isa = PBXBuildFile; fileRef = 3E58C480166BBDB0001E01B8 /* CoreVideo.framework */; };
		3E58C484166BBDB5001E01B8 /* AssetsLibrary.framework in Frameworks */ = {isa = PBXBuildFile; fileRef = 3E58C483166BBDB5001E01B8 /* AssetsLibrary.framework */; };
		3E58C486166BBDBB001E01B8 /* libiconv.dylib in Frameworks */ = {isa = PBXBuildFile; fileRef = 3E58C485166BBDBB001E01B8 /* libiconv.dylib */; };
		3E58C4BD166BC05D001E01B8 /* VERSION in Resources */ = {isa = PBXBuildFile; fileRef = 3E58C4BB166BC05D001E01B8 /* VERSION */; };
		3E58C4CB166BC4FE001E01B8 /* zxing-all-in-one.cpp in Sources */ = {isa = PBXBuildFile; fileRef = 3E58C4CA166BC4FE001E01B8 /* zxing-all-in-one.cpp */; };
		3E675B511618A31A0001AD2C /* Default-568h@2x.png in Resources */ = {isa = PBXBuildFile; fileRef = 3E675B501618A31A0001AD2C /* Default-568h@2x.png */; };
		3E94F7AB161AD37500E9A3B6 /* ChildBrowser.bundle in Resources */ = {isa = PBXBuildFile; fileRef = 3E94F7A9161AD37500E9A3B6 /* ChildBrowser.bundle */; };
		3E94F7AC161AD37500E9A3B6 /* ChildBrowserViewController.xib in Resources */ = {isa = PBXBuildFile; fileRef = 3E94F7AA161AD37500E9A3B6 /* ChildBrowserViewController.xib */; };
		4EB4B10238F34469B4F72387 /* libz.dylib in Frameworks */ = {isa = PBXBuildFile; fileRef = 4C9EC1422D944D038C61D5B2 /* libz.dylib */; };
		89696793B96F4D5D93B24655 /* Security.framework in Frameworks */ = {isa = PBXBuildFile; fileRef = 78B113B39262408DA632BD7A /* Security.framework */; settings = {ATTRIBUTES = (Weak, ); }; };
		9E599E76517846E598A0416B /* Social.framework in Frameworks */ = {isa = PBXBuildFile; fileRef = D309E579F77A4F9DA3BCDC9F /* Social.framework */; settings = {ATTRIBUTES = (Weak, ); }; };
		B1C945CEF43C400B9C1787AA /* AdSupport.framework in Frameworks */ = {isa = PBXBuildFile; fileRef = 2E6F9D16651D4F7D91BC8DC7 /* AdSupport.framework */; settings = {ATTRIBUTES = (Weak, ); }; };
		B54B0A769CB64E279C3799CF /* Accounts.framework in Frameworks */ = {isa = PBXBuildFile; fileRef = 3BC39AA2CEFB4474A248B874 /* Accounts.framework */; settings = {ATTRIBUTES = (Weak, ); }; };
		BAC1DA86EEF5422FB5FE209D /* libsqlite3.dylib in Frameworks */ = {isa = PBXBuildFile; fileRef = 729147D6A8924746B4B61CFB /* libsqlite3.dylib */; };
		D9363006179A4E1700CEFBA5 /* app.json in Resources */ = {isa = PBXBuildFile; fileRef = D9363005179A4E1700CEFBA5 /* app.json */; };
		D9363008179A4EB400CEFBA5 /* MonacaSkeleton-Info.plist in Resources */ = {isa = PBXBuildFile; fileRef = D9363007179A4EB400CEFBA5 /* MonacaSkeleton-Info.plist */; };
		F16D6D201755C267007E3556 /* spinner.png in Resources */ = {isa = PBXBuildFile; fileRef = F16D6D1D1755C267007E3556 /* spinner.png */; };
		F16D6D211755C267007E3556 /* spinner@2x.png in Resources */ = {isa = PBXBuildFile; fileRef = F16D6D1E1755C267007E3556 /* spinner@2x.png */; };
		F16D6D2B1755C2B8007E3556 /* IPP_RESTKit4iOS.framework in Frameworks */ = {isa = PBXBuildFile; fileRef = F16D6D251755C2B8007E3556 /* IPP_RESTKit4iOS.framework */; };
		F16D6D2C1755C2B8007E3556 /* MICommunication-info.plist in Resources */ = {isa = PBXBuildFile; fileRef = F16D6D261755C2B8007E3556 /* MICommunication-info.plist */; };
		F549D0C013CC61A30047F3F3 /* www in Resources */ = {isa = PBXBuildFile; fileRef = F549D0BF13CC61A30047F3F3 /* www */; };
		F561616213FA8DAF009FB9FF /* Icon@2x.png in Resources */ = {isa = PBXBuildFile; fileRef = F561616013FA8DAF009FB9FF /* Icon@2x.png */; };
		F561616313FA8DAF009FB9FF /* Icon.png in Resources */ = {isa = PBXBuildFile; fileRef = F561616113FA8DAF009FB9FF /* Icon.png */; };
		F561616E13FA8F1B009FB9FF /* Default.png in Resources */ = {isa = PBXBuildFile; fileRef = F561616C13FA8F1A009FB9FF /* Default.png */; };
		F561616F13FA8F1B009FB9FF /* Default@2x.png in Resources */ = {isa = PBXBuildFile; fileRef = F561616D13FA8F1B009FB9FF /* Default@2x.png */; };
		F561617813FA925E009FB9FF /* Icon-72.png in Resources */ = {isa = PBXBuildFile; fileRef = F561617713FA925E009FB9FF /* Icon-72.png */; };
		F58FC67A13D7FFBC00362F46 /* Foundation.framework in Frameworks */ = {isa = PBXBuildFile; fileRef = F58FC66D13D7FFBC00362F46 /* Foundation.framework */; };
		F58FC67B13D7FFBC00362F46 /* UIKit.framework in Frameworks */ = {isa = PBXBuildFile; fileRef = F58FC66E13D7FFBC00362F46 /* UIKit.framework */; };
		F58FC67C13D7FFBC00362F46 /* CoreGraphics.framework in Frameworks */ = {isa = PBXBuildFile; fileRef = F58FC66F13D7FFBC00362F46 /* CoreGraphics.framework */; };
		F58FC67D13D7FFBC00362F46 /* AddressBook.framework in Frameworks */ = {isa = PBXBuildFile; fileRef = F58FC67013D7FFBC00362F46 /* AddressBook.framework */; };
		F58FC67E13D7FFBC00362F46 /* AddressBookUI.framework in Frameworks */ = {isa = PBXBuildFile; fileRef = F58FC67113D7FFBC00362F46 /* AddressBookUI.framework */; };
		F58FC67F13D7FFBC00362F46 /* AudioToolbox.framework in Frameworks */ = {isa = PBXBuildFile; fileRef = F58FC67213D7FFBC00362F46 /* AudioToolbox.framework */; };
		F58FC68013D7FFBC00362F46 /* AVFoundation.framework in Frameworks */ = {isa = PBXBuildFile; fileRef = F58FC67313D7FFBC00362F46 /* AVFoundation.framework */; };
		F58FC68113D7FFBC00362F46 /* CoreLocation.framework in Frameworks */ = {isa = PBXBuildFile; fileRef = F58FC67413D7FFBC00362F46 /* CoreLocation.framework */; };
		F58FC68213D7FFBC00362F46 /* MediaPlayer.framework in Frameworks */ = {isa = PBXBuildFile; fileRef = F58FC67513D7FFBC00362F46 /* MediaPlayer.framework */; };
		F58FC68313D7FFBC00362F46 /* QuartzCore.framework in Frameworks */ = {isa = PBXBuildFile; fileRef = F58FC67613D7FFBC00362F46 /* QuartzCore.framework */; };
		F58FC68413D7FFBC00362F46 /* SystemConfiguration.framework in Frameworks */ = {isa = PBXBuildFile; fileRef = F58FC67713D7FFBC00362F46 /* SystemConfiguration.framework */; };
		F58FC68513D7FFBC00362F46 /* MobileCoreServices.framework in Frameworks */ = {isa = PBXBuildFile; fileRef = F58FC67813D7FFBC00362F46 /* MobileCoreServices.framework */; };
		F58FC68613D7FFBC00362F46 /* CoreMedia.framework in Frameworks */ = {isa = PBXBuildFile; fileRef = F58FC67913D7FFBC00362F46 /* CoreMedia.framework */; };
		F58FC6F413D8053100362F46 /* Cordova.plist in Resources */ = {isa = PBXBuildFile; fileRef = F58FC6F313D8053100362F46 /* Cordova.plist */; };
		F5AE52E113FA95E100ABDCD9 /* Default-Portrait~ipad.png in Resources */ = {isa = PBXBuildFile; fileRef = F5AE52E013FA95E100ABDCD9 /* Default-Portrait~ipad.png */; };
		F5FE5E8013CC28C300FE7C2A /* InfoPlist.strings in Resources */ = {isa = PBXBuildFile; fileRef = F5FE5E7E13CC28C300FE7C2A /* InfoPlist.strings */; };
		F5FE5E8313CC28C300FE7C2A /* main.m in Sources */ = {isa = PBXBuildFile; fileRef = F5FE5E8213CC28C300FE7C2A /* main.m */; };
/* End PBXBuildFile section */

/* Begin PBXFileReference section */
		10CB7FE316F8C10000E250BD /* libMonacaFramework.a */ = {isa = PBXFileReference; lastKnownFileType = archive.ar; path = libMonacaFramework.a; sourceTree = "<group>"; };
		2E6F9D16651D4F7D91BC8DC7 /* AdSupport.framework */ = {isa = PBXFileReference; fileEncoding = 4; lastKnownFileType = wrapper.framework; name = AdSupport.framework; path = System/Library/Frameworks/AdSupport.framework; sourceTree = SDKROOT; };
		3BC39AA2CEFB4474A248B874 /* Accounts.framework */ = {isa = PBXFileReference; fileEncoding = 4; lastKnownFileType = wrapper.framework; name = Accounts.framework; path = System/Library/Frameworks/Accounts.framework; sourceTree = SDKROOT; };
		3E3DFB0315E4A1FB001C0AAD /* 404 */ = {isa = PBXFileReference; lastKnownFileType = folder; path = 404; sourceTree = "<group>"; };
		3E52E26215DDECC000609CFE /* MFPGNativeComponent.h */ = {isa = PBXFileReference; fileEncoding = 4; lastKnownFileType = sourcecode.c.h; path = MFPGNativeComponent.h; sourceTree = "<group>"; };
		3E58C480166BBDB0001E01B8 /* CoreVideo.framework */ = {isa = PBXFileReference; lastKnownFileType = wrapper.framework; name = CoreVideo.framework; path = System/Library/Frameworks/CoreVideo.framework; sourceTree = SDKROOT; };
		3E58C483166BBDB5001E01B8 /* AssetsLibrary.framework */ = {isa = PBXFileReference; lastKnownFileType = wrapper.framework; name = AssetsLibrary.framework; path = System/Library/Frameworks/AssetsLibrary.framework; sourceTree = SDKROOT; };
		3E58C485166BBDBB001E01B8 /* libiconv.dylib */ = {isa = PBXFileReference; lastKnownFileType = "compiled.mach-o.dylib"; name = libiconv.dylib; path = usr/lib/libiconv.dylib; sourceTree = SDKROOT; };
		3E58C488166BC05D001E01B8 /* CDV.h */ = {isa = PBXFileReference; fileEncoding = 4; lastKnownFileType = sourcecode.c.h; path = CDV.h; sourceTree = "<group>"; };
		3E58C489166BC05D001E01B8 /* CDVAccelerometer.h */ = {isa = PBXFileReference; fileEncoding = 4; lastKnownFileType = sourcecode.c.h; path = CDVAccelerometer.h; sourceTree = "<group>"; };
		3E58C48A166BC05D001E01B8 /* CDVAvailability.h */ = {isa = PBXFileReference; fileEncoding = 4; lastKnownFileType = sourcecode.c.h; path = CDVAvailability.h; sourceTree = "<group>"; };
		3E58C48B166BC05D001E01B8 /* CDVBattery.h */ = {isa = PBXFileReference; fileEncoding = 4; lastKnownFileType = sourcecode.c.h; path = CDVBattery.h; sourceTree = "<group>"; };
		3E58C48C166BC05D001E01B8 /* CDVCamera.h */ = {isa = PBXFileReference; fileEncoding = 4; lastKnownFileType = sourcecode.c.h; path = CDVCamera.h; sourceTree = "<group>"; };
		3E58C48D166BC05D001E01B8 /* CDVCapture.h */ = {isa = PBXFileReference; fileEncoding = 4; lastKnownFileType = sourcecode.c.h; path = CDVCapture.h; sourceTree = "<group>"; };
		3E58C48E166BC05D001E01B8 /* CDVCommandDelegate.h */ = {isa = PBXFileReference; fileEncoding = 4; lastKnownFileType = sourcecode.c.h; path = CDVCommandDelegate.h; sourceTree = "<group>"; };
		3E58C48F166BC05D001E01B8 /* CDVCommandDelegateImpl.h */ = {isa = PBXFileReference; fileEncoding = 4; lastKnownFileType = sourcecode.c.h; path = CDVCommandDelegateImpl.h; sourceTree = "<group>"; };
		3E58C490166BC05D001E01B8 /* CDVCommandQueue.h */ = {isa = PBXFileReference; fileEncoding = 4; lastKnownFileType = sourcecode.c.h; path = CDVCommandQueue.h; sourceTree = "<group>"; };
		3E58C491166BC05D001E01B8 /* CDVConnection.h */ = {isa = PBXFileReference; fileEncoding = 4; lastKnownFileType = sourcecode.c.h; path = CDVConnection.h; sourceTree = "<group>"; };
		3E58C492166BC05D001E01B8 /* CDVContact.h */ = {isa = PBXFileReference; fileEncoding = 4; lastKnownFileType = sourcecode.c.h; path = CDVContact.h; sourceTree = "<group>"; };
		3E58C493166BC05D001E01B8 /* CDVContacts.h */ = {isa = PBXFileReference; fileEncoding = 4; lastKnownFileType = sourcecode.c.h; path = CDVContacts.h; sourceTree = "<group>"; };
		3E58C494166BC05D001E01B8 /* CDVCordovaView.h */ = {isa = PBXFileReference; fileEncoding = 4; lastKnownFileType = sourcecode.c.h; path = CDVCordovaView.h; sourceTree = "<group>"; };
		3E58C495166BC05D001E01B8 /* CDVDebug.h */ = {isa = PBXFileReference; fileEncoding = 4; lastKnownFileType = sourcecode.c.h; path = CDVDebug.h; sourceTree = "<group>"; };
		3E58C496166BC05D001E01B8 /* CDVDebugConsole.h */ = {isa = PBXFileReference; fileEncoding = 4; lastKnownFileType = sourcecode.c.h; path = CDVDebugConsole.h; sourceTree = "<group>"; };
		3E58C497166BC05D001E01B8 /* CDVDevice.h */ = {isa = PBXFileReference; fileEncoding = 4; lastKnownFileType = sourcecode.c.h; path = CDVDevice.h; sourceTree = "<group>"; };
		3E58C498166BC05D001E01B8 /* CDVEcho.h */ = {isa = PBXFileReference; fileEncoding = 4; lastKnownFileType = sourcecode.c.h; path = CDVEcho.h; sourceTree = "<group>"; };
		3E58C499166BC05D001E01B8 /* CDVFile.h */ = {isa = PBXFileReference; fileEncoding = 4; lastKnownFileType = sourcecode.c.h; path = CDVFile.h; sourceTree = "<group>"; };
		3E58C49A166BC05D001E01B8 /* CDVFileTransfer.h */ = {isa = PBXFileReference; fileEncoding = 4; lastKnownFileType = sourcecode.c.h; path = CDVFileTransfer.h; sourceTree = "<group>"; };
		3E58C49B166BC05D001E01B8 /* CDVGlobalization.h */ = {isa = PBXFileReference; fileEncoding = 4; lastKnownFileType = sourcecode.c.h; path = CDVGlobalization.h; sourceTree = "<group>"; };
		3E58C49C166BC05D001E01B8 /* CDVInvokedUrlCommand.h */ = {isa = PBXFileReference; fileEncoding = 4; lastKnownFileType = sourcecode.c.h; path = CDVInvokedUrlCommand.h; sourceTree = "<group>"; };
		3E58C49D166BC05D001E01B8 /* CDVLocalStorage.h */ = {isa = PBXFileReference; fileEncoding = 4; lastKnownFileType = sourcecode.c.h; path = CDVLocalStorage.h; sourceTree = "<group>"; };
		3E58C49E166BC05D001E01B8 /* CDVLocation.h */ = {isa = PBXFileReference; fileEncoding = 4; lastKnownFileType = sourcecode.c.h; path = CDVLocation.h; sourceTree = "<group>"; };
		3E58C49F166BC05D001E01B8 /* CDVLogger.h */ = {isa = PBXFileReference; fileEncoding = 4; lastKnownFileType = sourcecode.c.h; path = CDVLogger.h; sourceTree = "<group>"; };
		3E58C4A0166BC05D001E01B8 /* CDVMotion.h */ = {isa = PBXFileReference; fileEncoding = 4; lastKnownFileType = sourcecode.c.h; path = CDVMotion.h; sourceTree = "<group>"; };
		3E58C4A1166BC05D001E01B8 /* CDVNotification.h */ = {isa = PBXFileReference; fileEncoding = 4; lastKnownFileType = sourcecode.c.h; path = CDVNotification.h; sourceTree = "<group>"; };
		3E58C4A2166BC05D001E01B8 /* CDVPlugin.h */ = {isa = PBXFileReference; fileEncoding = 4; lastKnownFileType = sourcecode.c.h; path = CDVPlugin.h; sourceTree = "<group>"; };
		3E58C4A3166BC05D001E01B8 /* CDVPluginResult.h */ = {isa = PBXFileReference; fileEncoding = 4; lastKnownFileType = sourcecode.c.h; path = CDVPluginResult.h; sourceTree = "<group>"; };
		3E58C4A4166BC05D001E01B8 /* CDVReachability.h */ = {isa = PBXFileReference; fileEncoding = 4; lastKnownFileType = sourcecode.c.h; path = CDVReachability.h; sourceTree = "<group>"; };
		3E58C4A5166BC05D001E01B8 /* CDVSound.h */ = {isa = PBXFileReference; fileEncoding = 4; lastKnownFileType = sourcecode.c.h; path = CDVSound.h; sourceTree = "<group>"; };
		3E58C4A6166BC05D001E01B8 /* CDVSplashScreen.h */ = {isa = PBXFileReference; fileEncoding = 4; lastKnownFileType = sourcecode.c.h; path = CDVSplashScreen.h; sourceTree = "<group>"; };
		3E58C4A7166BC05D001E01B8 /* CDVURLProtocol.h */ = {isa = PBXFileReference; fileEncoding = 4; lastKnownFileType = sourcecode.c.h; path = CDVURLProtocol.h; sourceTree = "<group>"; };
		3E58C4A8166BC05D001E01B8 /* CDVViewController.h */ = {isa = PBXFileReference; fileEncoding = 4; lastKnownFileType = sourcecode.c.h; path = CDVViewController.h; sourceTree = "<group>"; };
		3E58C4A9166BC05D001E01B8 /* CDVWhitelist.h */ = {isa = PBXFileReference; fileEncoding = 4; lastKnownFileType = sourcecode.c.h; path = CDVWhitelist.h; sourceTree = "<group>"; };
		3E58C4B3166BC05D001E01B8 /* CDVDeprecated.h */ = {isa = PBXFileReference; fileEncoding = 4; lastKnownFileType = sourcecode.c.h; path = CDVDeprecated.h; sourceTree = "<group>"; };
		3E58C4B5166BC05D001E01B8 /* JSONKit.h */ = {isa = PBXFileReference; fileEncoding = 4; lastKnownFileType = sourcecode.c.h; path = JSONKit.h; sourceTree = "<group>"; };
		3E58C4B6166BC05D001E01B8 /* NSArray+Comparisons.h */ = {isa = PBXFileReference; fileEncoding = 4; lastKnownFileType = sourcecode.c.h; path = "NSArray+Comparisons.h"; sourceTree = "<group>"; };
		3E58C4B7166BC05D001E01B8 /* NSData+Base64.h */ = {isa = PBXFileReference; fileEncoding = 4; lastKnownFileType = sourcecode.c.h; path = "NSData+Base64.h"; sourceTree = "<group>"; };
		3E58C4B8166BC05D001E01B8 /* NSDictionary+Extensions.h */ = {isa = PBXFileReference; fileEncoding = 4; lastKnownFileType = sourcecode.c.h; path = "NSDictionary+Extensions.h"; sourceTree = "<group>"; };
		3E58C4B9166BC05D001E01B8 /* NSMutableArray+QueueAdditions.h */ = {isa = PBXFileReference; fileEncoding = 4; lastKnownFileType = sourcecode.c.h; path = "NSMutableArray+QueueAdditions.h"; sourceTree = "<group>"; };
		3E58C4BA166BC05D001E01B8 /* UIDevice+Extensions.h */ = {isa = PBXFileReference; fileEncoding = 4; lastKnownFileType = sourcecode.c.h; path = "UIDevice+Extensions.h"; sourceTree = "<group>"; };
		3E58C4BB166BC05D001E01B8 /* VERSION */ = {isa = PBXFileReference; fileEncoding = 4; lastKnownFileType = text; path = VERSION; sourceTree = "<group>"; };
		3E58C4C3166BC20F001E01B8 /* CDVCamera+MonacaAction.h */ = {isa = PBXFileReference; fileEncoding = 4; lastKnownFileType = sourcecode.c.h; path = "CDVCamera+MonacaAction.h"; sourceTree = "<group>"; };
		3E58C4C4166BC20F001E01B8 /* CDVSplashScreen+monacaSplashScreen.h */ = {isa = PBXFileReference; fileEncoding = 4; lastKnownFileType = sourcecode.c.h; path = "CDVSplashScreen+monacaSplashScreen.h"; sourceTree = "<group>"; };
		3E58C4C9166BC491001E01B8 /* zxing-all-in-one.h */ = {isa = PBXFileReference; fileEncoding = 4; lastKnownFileType = sourcecode.c.h; path = "zxing-all-in-one.h"; sourceTree = "<group>"; };
		3E58C4CA166BC4FE001E01B8 /* zxing-all-in-one.cpp */ = {isa = PBXFileReference; fileEncoding = 4; lastKnownFileType = sourcecode.cpp.cpp; path = "zxing-all-in-one.cpp"; sourceTree = "<group>"; };
		3E638778169ECFC600DDF852 /* MFTransitPlugin.h */ = {isa = PBXFileReference; fileEncoding = 4; lastKnownFileType = sourcecode.c.h; path = MFTransitPlugin.h; sourceTree = "<group>"; };
		3E638779169ED05100DDF852 /* MFEvent.h */ = {isa = PBXFileReference; fileEncoding = 4; lastKnownFileType = sourcecode.c.h; path = MFEvent.h; sourceTree = "<group>"; };
		3E63877A169ED05100DDF852 /* MonacaNoCacheURLProtocol.h */ = {isa = PBXFileReference; fileEncoding = 4; lastKnownFileType = sourcecode.c.h; path = MonacaNoCacheURLProtocol.h; sourceTree = "<group>"; };
		3E63877B169ED05100DDF852 /* MonacaQueryParamURLProtocol.h */ = {isa = PBXFileReference; fileEncoding = 4; lastKnownFileType = sourcecode.c.h; path = MonacaQueryParamURLProtocol.h; sourceTree = "<group>"; };
		3E675B451618A2050001AD2C /* ChildBrowserCommand.h */ = {isa = PBXFileReference; fileEncoding = 4; lastKnownFileType = sourcecode.c.h; path = ChildBrowserCommand.h; sourceTree = "<group>"; };
		3E675B461618A2050001AD2C /* ChildBrowserViewController.h */ = {isa = PBXFileReference; fileEncoding = 4; lastKnownFileType = sourcecode.c.h; path = ChildBrowserViewController.h; sourceTree = "<group>"; };
		3E675B481618A2050001AD2C /* DatePicker.h */ = {isa = PBXFileReference; fileEncoding = 4; lastKnownFileType = sourcecode.c.h; path = DatePicker.h; sourceTree = "<group>"; };
		3E675B4B1618A21C0001AD2C /* CDVViewController+getMonacaBundlePlist.h */ = {isa = PBXFileReference; fileEncoding = 4; lastKnownFileType = sourcecode.c.h; path = "CDVViewController+getMonacaBundlePlist.h"; sourceTree = "<group>"; };
		3E675B501618A31A0001AD2C /* Default-568h@2x.png */ = {isa = PBXFileReference; lastKnownFileType = image.png; path = "Default-568h@2x.png"; sourceTree = "<group>"; };
		3E94F7A9161AD37500E9A3B6 /* ChildBrowser.bundle */ = {isa = PBXFileReference; lastKnownFileType = "wrapper.plug-in"; path = ChildBrowser.bundle; sourceTree = "<group>"; };
		3E94F7AA161AD37500E9A3B6 /* ChildBrowserViewController.xib */ = {isa = PBXFileReference; fileEncoding = 4; lastKnownFileType = file.xib; path = ChildBrowserViewController.xib; sourceTree = "<group>"; };
		3EC2CE9E15ADDBF70074B422 /* MFDevice.h */ = {isa = PBXFileReference; fileEncoding = 4; lastKnownFileType = sourcecode.c.h; path = MFDevice.h; sourceTree = "<group>"; };
		3EC2CE9F15ADDBF70074B422 /* MFTabBarController+Bottom.h */ = {isa = PBXFileReference; fileEncoding = 4; lastKnownFileType = sourcecode.c.h; path = "MFTabBarController+Bottom.h"; sourceTree = "<group>"; };
		3EC2CEA015ADDBF70074B422 /* MFTabBarController+Top.h */ = {isa = PBXFileReference; fileEncoding = 4; lastKnownFileType = sourcecode.c.h; path = "MFTabBarController+Top.h"; sourceTree = "<group>"; };
		3EC2CEA115ADDBF70074B422 /* MFTabBarController.h */ = {isa = PBXFileReference; fileEncoding = 4; lastKnownFileType = sourcecode.c.h; path = MFTabBarController.h; sourceTree = "<group>"; };
		3EC2CEA215ADDBF70074B422 /* NativeComponents.h */ = {isa = PBXFileReference; fileEncoding = 4; lastKnownFileType = sourcecode.c.h; path = NativeComponents.h; sourceTree = "<group>"; };
		3EC2CEA315ADDBF70074B422 /* NativeComponentsInternal.h */ = {isa = PBXFileReference; fileEncoding = 4; lastKnownFileType = sourcecode.c.h; path = NativeComponentsInternal.h; sourceTree = "<group>"; };
		3EC2CEA415ADDBF70074B422 /* NCBackButtonBuilder.h */ = {isa = PBXFileReference; fileEncoding = 4; lastKnownFileType = sourcecode.c.h; path = NCBackButtonBuilder.h; sourceTree = "<group>"; };
		3EC2CEA515ADDBF70074B422 /* NCButton.h */ = {isa = PBXFileReference; fileEncoding = 4; lastKnownFileType = sourcecode.c.h; path = NCButton.h; sourceTree = "<group>"; };
		3EC2CEA615ADDBF70074B422 /* NCButtonBuilder.h */ = {isa = PBXFileReference; fileEncoding = 4; lastKnownFileType = sourcecode.c.h; path = NCButtonBuilder.h; sourceTree = "<group>"; };
		3EC2CEA715ADDBF70074B422 /* NCContainer.h */ = {isa = PBXFileReference; fileEncoding = 4; lastKnownFileType = sourcecode.c.h; path = NCContainer.h; sourceTree = "<group>"; };
		3EC2CEA815ADDBF70074B422 /* NCLabelBuilder.h */ = {isa = PBXFileReference; fileEncoding = 4; lastKnownFileType = sourcecode.c.h; path = NCLabelBuilder.h; sourceTree = "<group>"; };
		3EC2CEA915ADDBF70074B422 /* NCManager.h */ = {isa = PBXFileReference; fileEncoding = 4; lastKnownFileType = sourcecode.c.h; path = NCManager.h; sourceTree = "<group>"; };
		3EC2CEAA15ADDBF70074B422 /* NCSearchBar.h */ = {isa = PBXFileReference; fileEncoding = 4; lastKnownFileType = sourcecode.c.h; path = NCSearchBar.h; sourceTree = "<group>"; };
		3EC2CEAB15ADDBF70074B422 /* NCSearchBoxBuilder.h */ = {isa = PBXFileReference; fileEncoding = 4; lastKnownFileType = sourcecode.c.h; path = NCSearchBoxBuilder.h; sourceTree = "<group>"; };
		3EC2CEAC15ADDBF70074B422 /* NCSegmentBuilder.h */ = {isa = PBXFileReference; fileEncoding = 4; lastKnownFileType = sourcecode.c.h; path = NCSegmentBuilder.h; sourceTree = "<group>"; };
		3EC2CEAD15ADDBF70074B422 /* NCTabbarItemBuilder.h */ = {isa = PBXFileReference; fileEncoding = 4; lastKnownFileType = sourcecode.c.h; path = NCTabbarItemBuilder.h; sourceTree = "<group>"; };
		3EC2CEAE15ADDBF70074B422 /* NCTitleView.h */ = {isa = PBXFileReference; fileEncoding = 4; lastKnownFileType = sourcecode.c.h; path = NCTitleView.h; sourceTree = "<group>"; };
		3EC2CEAF15ADDBF70074B422 /* NCToolbar.h */ = {isa = PBXFileReference; fileEncoding = 4; lastKnownFileType = sourcecode.c.h; path = NCToolbar.h; sourceTree = "<group>"; };
		3EC2CEB015ADDBF70074B422 /* UILabel+Resize.h */ = {isa = PBXFileReference; fileEncoding = 4; lastKnownFileType = sourcecode.c.h; path = "UILabel+Resize.h"; sourceTree = "<group>"; };
		3EC2CEB315ADDBF70074B422 /* MFDelegate.h */ = {isa = PBXFileReference; fileEncoding = 4; lastKnownFileType = sourcecode.c.h; path = MFDelegate.h; sourceTree = "<group>"; };
		3EC2CEB415ADDBF70074B422 /* MFNavigationController.h */ = {isa = PBXFileReference; fileEncoding = 4; lastKnownFileType = sourcecode.c.h; path = MFNavigationController.h; sourceTree = "<group>"; };
		3EC2CEB515ADDBF70074B422 /* MFSecureFileURLProtocol.h */ = {isa = PBXFileReference; fileEncoding = 4; lastKnownFileType = sourcecode.c.h; path = MFSecureFileURLProtocol.h; sourceTree = "<group>"; };
		3EC2CEB615ADDBF70074B422 /* MFViewController.h */ = {isa = PBXFileReference; fileEncoding = 4; lastKnownFileType = sourcecode.c.h; path = MFViewController.h; sourceTree = "<group>"; };
		3EC2CEB715ADDBF70074B422 /* MFUtility.h */ = {isa = PBXFileReference; fileEncoding = 4; lastKnownFileType = sourcecode.c.h; path = MFUtility.h; sourceTree = "<group>"; };
		4C9EC1422D944D038C61D5B2 /* libz.dylib */ = {isa = PBXFileReference; fileEncoding = 4; lastKnownFileType = "compiled.mach-o.dylib"; name = libz.dylib; path = usr/lib/libz.dylib; sourceTree = SDKROOT; };
		729147D6A8924746B4B61CFB /* libsqlite3.dylib */ = {isa = PBXFileReference; fileEncoding = 4; lastKnownFileType = "compiled.mach-o.dylib"; name = libsqlite3.dylib; path = usr/lib/libsqlite3.dylib; sourceTree = SDKROOT; };
		78B113B39262408DA632BD7A /* Security.framework */ = {isa = PBXFileReference; fileEncoding = 4; lastKnownFileType = wrapper.framework; name = Security.framework; path = System/Library/Frameworks/Security.framework; sourceTree = SDKROOT; };
		D309E579F77A4F9DA3BCDC9F /* Social.framework */ = {isa = PBXFileReference; fileEncoding = 4; lastKnownFileType = wrapper.framework; name = Social.framework; path = System/Library/Frameworks/Social.framework; sourceTree = SDKROOT; };
		D9363005179A4E1700CEFBA5 /* app.json */ = {isa = PBXFileReference; lastKnownFileType = text.json; path = app.json; sourceTree = "<group>"; };
		D9363007179A4EB400CEFBA5 /* MonacaSkeleton-Info.plist */ = {isa = PBXFileReference; fileEncoding = 4; lastKnownFileType = text.plist.xml; path = "MonacaSkeleton-Info.plist"; sourceTree = "<group>"; };
		F16D6D181755C1A2007E3556 /* MFJSInterfaceProtocol.h */ = {isa = PBXFileReference; fileEncoding = 4; lastKnownFileType = sourcecode.c.h; path = MFJSInterfaceProtocol.h; sourceTree = "<group>"; };
		F16D6D191755C227007E3556 /* MFVIewBackground.h */ = {isa = PBXFileReference; fileEncoding = 4; lastKnownFileType = sourcecode.c.h; path = MFVIewBackground.h; sourceTree = "<group>"; };
		F16D6D1B1755C267007E3556 /* MFSpinnerParameter.h */ = {isa = PBXFileReference; fileEncoding = 4; lastKnownFileType = sourcecode.c.h; path = MFSpinnerParameter.h; sourceTree = "<group>"; };
		F16D6D1C1755C267007E3556 /* MFSpinnerView.h */ = {isa = PBXFileReference; fileEncoding = 4; lastKnownFileType = sourcecode.c.h; path = MFSpinnerView.h; sourceTree = "<group>"; };
		F16D6D1D1755C267007E3556 /* spinner.png */ = {isa = PBXFileReference; lastKnownFileType = image.png; path = spinner.png; sourceTree = "<group>"; };
		F16D6D1E1755C267007E3556 /* spinner@2x.png */ = {isa = PBXFileReference; lastKnownFileType = image.png; path = "spinner@2x.png"; sourceTree = "<group>"; };
		F16D6D1F1755C267007E3556 /* NCBarButtonItem.h */ = {isa = PBXFileReference; fileEncoding = 4; lastKnownFileType = sourcecode.c.h; path = NCBarButtonItem.h; sourceTree = "<group>"; };
		F16D6D231755C2B8007E3556 /* ApplicationResourceDelegate.h */ = {isa = PBXFileReference; fileEncoding = 4; lastKnownFileType = sourcecode.c.h; path = ApplicationResourceDelegate.h; sourceTree = "<group>"; };
		F16D6D241755C2B8007E3556 /* GeolocationDelegate.h */ = {isa = PBXFileReference; fileEncoding = 4; lastKnownFileType = sourcecode.c.h; path = GeolocationDelegate.h; sourceTree = "<group>"; };
		F16D6D251755C2B8007E3556 /* IPP_RESTKit4iOS.framework */ = {isa = PBXFileReference; lastKnownFileType = wrapper.framework; path = IPP_RESTKit4iOS.framework; sourceTree = "<group>"; };
		F16D6D261755C2B8007E3556 /* MICommunication-info.plist */ = {isa = PBXFileReference; fileEncoding = 4; lastKnownFileType = text.plist.xml; path = "MICommunication-info.plist"; sourceTree = "<group>"; };
		F16D6D271755C2B8007E3556 /* MIPCommunicationPlugin.h */ = {isa = PBXFileReference; fileEncoding = 4; lastKnownFileType = sourcecode.c.h; path = MIPCommunicationPlugin.h; sourceTree = "<group>"; };
		F16D6D281755C2B8007E3556 /* MIPUtility.h */ = {isa = PBXFileReference; fileEncoding = 4; lastKnownFileType = sourcecode.c.h; path = MIPUtility.h; sourceTree = "<group>"; };
		F16D6D291755C2B8007E3556 /* ProfileDelegate.h */ = {isa = PBXFileReference; fileEncoding = 4; lastKnownFileType = sourcecode.c.h; path = ProfileDelegate.h; sourceTree = "<group>"; };
		F16D6D2A1755C2B8007E3556 /* UserDelegate.h */ = {isa = PBXFileReference; fileEncoding = 4; lastKnownFileType = sourcecode.c.h; path = UserDelegate.h; sourceTree = "<group>"; };
		F16D6D2D1755C325007E3556 /* MFTransitPopParameter.h */ = {isa = PBXFileReference; fileEncoding = 4; lastKnownFileType = sourcecode.c.h; path = MFTransitPopParameter.h; sourceTree = "<group>"; };
		F16D6D2E1755C325007E3556 /* MFTransitPushParameter.h */ = {isa = PBXFileReference; fileEncoding = 4; lastKnownFileType = sourcecode.c.h; path = MFTransitPushParameter.h; sourceTree = "<group>"; };
		F549D0BF13CC61A30047F3F3 /* www */ = {isa = PBXFileReference; lastKnownFileType = folder; path = www; sourceTree = "<group>"; };
		F561616013FA8DAF009FB9FF /* Icon@2x.png */ = {isa = PBXFileReference; lastKnownFileType = image.png; path = "Icon@2x.png"; sourceTree = "<group>"; };
		F561616113FA8DAF009FB9FF /* Icon.png */ = {isa = PBXFileReference; lastKnownFileType = image.png; path = Icon.png; sourceTree = "<group>"; };
		F561616C13FA8F1A009FB9FF /* Default.png */ = {isa = PBXFileReference; lastKnownFileType = image.png; path = Default.png; sourceTree = "<group>"; };
		F561616D13FA8F1B009FB9FF /* Default@2x.png */ = {isa = PBXFileReference; lastKnownFileType = image.png; path = "Default@2x.png"; sourceTree = "<group>"; };
		F561617713FA925E009FB9FF /* Icon-72.png */ = {isa = PBXFileReference; lastKnownFileType = image.png; path = "Icon-72.png"; sourceTree = "<group>"; };
		F58FC66D13D7FFBC00362F46 /* Foundation.framework */ = {isa = PBXFileReference; lastKnownFileType = wrapper.framework; name = Foundation.framework; path = System/Library/Frameworks/Foundation.framework; sourceTree = SDKROOT; };
		F58FC66E13D7FFBC00362F46 /* UIKit.framework */ = {isa = PBXFileReference; lastKnownFileType = wrapper.framework; name = UIKit.framework; path = System/Library/Frameworks/UIKit.framework; sourceTree = SDKROOT; };
		F58FC66F13D7FFBC00362F46 /* CoreGraphics.framework */ = {isa = PBXFileReference; lastKnownFileType = wrapper.framework; name = CoreGraphics.framework; path = System/Library/Frameworks/CoreGraphics.framework; sourceTree = SDKROOT; };
		F58FC67013D7FFBC00362F46 /* AddressBook.framework */ = {isa = PBXFileReference; lastKnownFileType = wrapper.framework; name = AddressBook.framework; path = System/Library/Frameworks/AddressBook.framework; sourceTree = SDKROOT; };
		F58FC67113D7FFBC00362F46 /* AddressBookUI.framework */ = {isa = PBXFileReference; lastKnownFileType = wrapper.framework; name = AddressBookUI.framework; path = System/Library/Frameworks/AddressBookUI.framework; sourceTree = SDKROOT; };
		F58FC67213D7FFBC00362F46 /* AudioToolbox.framework */ = {isa = PBXFileReference; lastKnownFileType = wrapper.framework; name = AudioToolbox.framework; path = System/Library/Frameworks/AudioToolbox.framework; sourceTree = SDKROOT; };
		F58FC67313D7FFBC00362F46 /* AVFoundation.framework */ = {isa = PBXFileReference; lastKnownFileType = wrapper.framework; name = AVFoundation.framework; path = System/Library/Frameworks/AVFoundation.framework; sourceTree = SDKROOT; };
		F58FC67413D7FFBC00362F46 /* CoreLocation.framework */ = {isa = PBXFileReference; lastKnownFileType = wrapper.framework; name = CoreLocation.framework; path = System/Library/Frameworks/CoreLocation.framework; sourceTree = SDKROOT; };
		F58FC67513D7FFBC00362F46 /* MediaPlayer.framework */ = {isa = PBXFileReference; lastKnownFileType = wrapper.framework; name = MediaPlayer.framework; path = System/Library/Frameworks/MediaPlayer.framework; sourceTree = SDKROOT; };
		F58FC67613D7FFBC00362F46 /* QuartzCore.framework */ = {isa = PBXFileReference; lastKnownFileType = wrapper.framework; name = QuartzCore.framework; path = System/Library/Frameworks/QuartzCore.framework; sourceTree = SDKROOT; };
		F58FC67713D7FFBC00362F46 /* SystemConfiguration.framework */ = {isa = PBXFileReference; lastKnownFileType = wrapper.framework; name = SystemConfiguration.framework; path = System/Library/Frameworks/SystemConfiguration.framework; sourceTree = SDKROOT; };
		F58FC67813D7FFBC00362F46 /* MobileCoreServices.framework */ = {isa = PBXFileReference; lastKnownFileType = wrapper.framework; name = MobileCoreServices.framework; path = System/Library/Frameworks/MobileCoreServices.framework; sourceTree = SDKROOT; };
		F58FC67913D7FFBC00362F46 /* CoreMedia.framework */ = {isa = PBXFileReference; lastKnownFileType = wrapper.framework; name = CoreMedia.framework; path = System/Library/Frameworks/CoreMedia.framework; sourceTree = SDKROOT; };
		F58FC6F313D8053100362F46 /* Cordova.plist */ = {isa = PBXFileReference; fileEncoding = 4; lastKnownFileType = text.plist.xml; path = Cordova.plist; sourceTree = "<group>"; };
		F5AE52E013FA95E100ABDCD9 /* Default-Portrait~ipad.png */ = {isa = PBXFileReference; lastKnownFileType = image.png; path = "Default-Portrait~ipad.png"; sourceTree = "<group>"; };
		F5FE5E7113CC28C200FE7C2A /* MonacaApp.app */ = {isa = PBXFileReference; explicitFileType = wrapper.application; includeInIndex = 0; path = MonacaApp.app; sourceTree = BUILT_PRODUCTS_DIR; };
		F5FE5E7F13CC28C300FE7C2A /* en */ = {isa = PBXFileReference; lastKnownFileType = text.plist.strings; name = en; path = en.lproj/InfoPlist.strings; sourceTree = "<group>"; };
		F5FE5E8213CC28C300FE7C2A /* main.m */ = {isa = PBXFileReference; lastKnownFileType = sourcecode.c.objc; path = main.m; sourceTree = "<group>"; };
/* End PBXFileReference section */

/* Begin PBXFrameworksBuildPhase section */
		F5FE5E6E13CC28C200FE7C2A /* Frameworks */ = {
			isa = PBXFrameworksBuildPhase;
			buildActionMask = 2147483647;
			files = (
				3E58C486166BBDBB001E01B8 /* libiconv.dylib in Frameworks */,
				3E58C484166BBDB5001E01B8 /* AssetsLibrary.framework in Frameworks */,
				3E58C481166BBDB0001E01B8 /* CoreVideo.framework in Frameworks */,
				F58FC67A13D7FFBC00362F46 /* Foundation.framework in Frameworks */,
				F58FC67B13D7FFBC00362F46 /* UIKit.framework in Frameworks */,
				F58FC67C13D7FFBC00362F46 /* CoreGraphics.framework in Frameworks */,
				F58FC67D13D7FFBC00362F46 /* AddressBook.framework in Frameworks */,
				F58FC67E13D7FFBC00362F46 /* AddressBookUI.framework in Frameworks */,
				F58FC67F13D7FFBC00362F46 /* AudioToolbox.framework in Frameworks */,
				F58FC68013D7FFBC00362F46 /* AVFoundation.framework in Frameworks */,
				F58FC68113D7FFBC00362F46 /* CoreLocation.framework in Frameworks */,
				F58FC68213D7FFBC00362F46 /* MediaPlayer.framework in Frameworks */,
				F58FC68313D7FFBC00362F46 /* QuartzCore.framework in Frameworks */,
				F58FC68413D7FFBC00362F46 /* SystemConfiguration.framework in Frameworks */,
				F58FC68513D7FFBC00362F46 /* MobileCoreServices.framework in Frameworks */,
				F58FC68613D7FFBC00362F46 /* CoreMedia.framework in Frameworks */,
				10CB7FE416F8C10000E250BD /* libMonacaFramework.a in Frameworks */,
				F16D6D2B1755C2B8007E3556 /* IPP_RESTKit4iOS.framework in Frameworks */,
				4EB4B10238F34469B4F72387 /* libz.dylib in Frameworks */,
				BAC1DA86EEF5422FB5FE209D /* libsqlite3.dylib in Frameworks */,
				9E599E76517846E598A0416B /* Social.framework in Frameworks */,
				B54B0A769CB64E279C3799CF /* Accounts.framework in Frameworks */,
				B1C945CEF43C400B9C1787AA /* AdSupport.framework in Frameworks */,
				89696793B96F4D5D93B24655 /* Security.framework in Frameworks */,
			);
			runOnlyForDeploymentPostprocessing = 0;
		};
/* End PBXFrameworksBuildPhase section */

/* Begin PBXGroup section */
		3E52E26115DDECC000609CFE /* PGPlugins */ = {
			isa = PBXGroup;
			children = (
				3E58C4C8166BC491001E01B8 /* BarcodeScanner */,
				3E675B441618A2050001AD2C /* ChildBrowser */,
				3E675B471618A2050001AD2C /* DatePicker */,
				3E52E26215DDECC000609CFE /* MFPGNativeComponent.h */,
				3E638778169ECFC600DDF852 /* MFTransitPlugin.h */,
				F16D6D2D1755C325007E3556 /* MFTransitPopParameter.h */,
				F16D6D2E1755C325007E3556 /* MFTransitPushParameter.h */,
			);
			path = PGPlugins;
			sourceTree = "<group>";
		};
		3E58C487166BC05D001E01B8 /* CordovaLib */ = {
			isa = PBXGroup;
			children = (
				3E58C488166BC05D001E01B8 /* CDV.h */,
				3E58C489166BC05D001E01B8 /* CDVAccelerometer.h */,
				3E58C48A166BC05D001E01B8 /* CDVAvailability.h */,
				3E58C48B166BC05D001E01B8 /* CDVBattery.h */,
				3E58C48C166BC05D001E01B8 /* CDVCamera.h */,
				3E58C48D166BC05D001E01B8 /* CDVCapture.h */,
				3E58C48E166BC05D001E01B8 /* CDVCommandDelegate.h */,
				3E58C48F166BC05D001E01B8 /* CDVCommandDelegateImpl.h */,
				3E58C490166BC05D001E01B8 /* CDVCommandQueue.h */,
				3E58C491166BC05D001E01B8 /* CDVConnection.h */,
				3E58C492166BC05D001E01B8 /* CDVContact.h */,
				3E58C493166BC05D001E01B8 /* CDVContacts.h */,
				3E58C494166BC05D001E01B8 /* CDVCordovaView.h */,
				3E58C495166BC05D001E01B8 /* CDVDebug.h */,
				3E58C496166BC05D001E01B8 /* CDVDebugConsole.h */,
				3E58C497166BC05D001E01B8 /* CDVDevice.h */,
				3E58C498166BC05D001E01B8 /* CDVEcho.h */,
				3E58C499166BC05D001E01B8 /* CDVFile.h */,
				3E58C49A166BC05D001E01B8 /* CDVFileTransfer.h */,
				3E58C49B166BC05D001E01B8 /* CDVGlobalization.h */,
				3E58C49C166BC05D001E01B8 /* CDVInvokedUrlCommand.h */,
				3E58C49D166BC05D001E01B8 /* CDVLocalStorage.h */,
				3E58C49E166BC05D001E01B8 /* CDVLocation.h */,
				3E58C49F166BC05D001E01B8 /* CDVLogger.h */,
				3E58C4A0166BC05D001E01B8 /* CDVMotion.h */,
				3E58C4A1166BC05D001E01B8 /* CDVNotification.h */,
				3E58C4A2166BC05D001E01B8 /* CDVPlugin.h */,
				3E58C4A3166BC05D001E01B8 /* CDVPluginResult.h */,
				3E58C4A4166BC05D001E01B8 /* CDVReachability.h */,
				3E58C4A5166BC05D001E01B8 /* CDVSound.h */,
				3E58C4A6166BC05D001E01B8 /* CDVSplashScreen.h */,
				3E58C4A7166BC05D001E01B8 /* CDVURLProtocol.h */,
				3E58C4A8166BC05D001E01B8 /* CDVViewController.h */,
				3E58C4A9166BC05D001E01B8 /* CDVWhitelist.h */,
				3E58C4B2166BC05D001E01B8 /* deprecated */,
				3E58C4B4166BC05D001E01B8 /* JSON */,
				3E58C4B6166BC05D001E01B8 /* NSArray+Comparisons.h */,
				3E58C4B7166BC05D001E01B8 /* NSData+Base64.h */,
				3E58C4B8166BC05D001E01B8 /* NSDictionary+Extensions.h */,
				3E58C4B9166BC05D001E01B8 /* NSMutableArray+QueueAdditions.h */,
				3E58C4BA166BC05D001E01B8 /* UIDevice+Extensions.h */,
				3E58C4BB166BC05D001E01B8 /* VERSION */,
			);
			path = CordovaLib;
			sourceTree = "<group>";
		};
		3E58C4B2166BC05D001E01B8 /* deprecated */ = {
			isa = PBXGroup;
			children = (
				3E58C4B3166BC05D001E01B8 /* CDVDeprecated.h */,
			);
			path = deprecated;
			sourceTree = "<group>";
		};
		3E58C4B4166BC05D001E01B8 /* JSON */ = {
			isa = PBXGroup;
			children = (
				3E58C4B5166BC05D001E01B8 /* JSONKit.h */,
			);
			path = JSON;
			sourceTree = "<group>";
		};
		3E58C4C8166BC491001E01B8 /* BarcodeScanner */ = {
			isa = PBXGroup;
			children = (
				3E58C4CA166BC4FE001E01B8 /* zxing-all-in-one.cpp */,
				3E58C4C9166BC491001E01B8 /* zxing-all-in-one.h */,
			);
			path = BarcodeScanner;
			sourceTree = "<group>";
		};
		3E675B441618A2050001AD2C /* ChildBrowser */ = {
			isa = PBXGroup;
			children = (
				3E94F7A9161AD37500E9A3B6 /* ChildBrowser.bundle */,
				3E94F7AA161AD37500E9A3B6 /* ChildBrowserViewController.xib */,
				3E675B451618A2050001AD2C /* ChildBrowserCommand.h */,
				3E675B461618A2050001AD2C /* ChildBrowserViewController.h */,
			);
			path = ChildBrowser;
			sourceTree = "<group>";
		};
		3E675B471618A2050001AD2C /* DatePicker */ = {
			isa = PBXGroup;
			children = (
				3E675B481618A2050001AD2C /* DatePicker.h */,
			);
			path = DatePicker;
			sourceTree = "<group>";
		};
		3E675B4A1618A21C0001AD2C /* PhoneGap */ = {
			isa = PBXGroup;
			children = (
				3E58C4C3166BC20F001E01B8 /* CDVCamera+MonacaAction.h */,
				3E58C4C4166BC20F001E01B8 /* CDVSplashScreen+monacaSplashScreen.h */,
				3E675B4B1618A21C0001AD2C /* CDVViewController+getMonacaBundlePlist.h */,
			);
			path = PhoneGap;
			sourceTree = "<group>";
		};
		3EC2CE9D15ADDBF70074B422 /* MFNativeComponent */ = {
			isa = PBXGroup;
			children = (
				3EC2CE9E15ADDBF70074B422 /* MFDevice.h */,
				3EC2CE9F15ADDBF70074B422 /* MFTabBarController+Bottom.h */,
				3EC2CEA015ADDBF70074B422 /* MFTabBarController+Top.h */,
				3EC2CEA115ADDBF70074B422 /* MFTabBarController.h */,
				F16D6D191755C227007E3556 /* MFVIewBackground.h */,
				3EC2CEA215ADDBF70074B422 /* NativeComponents.h */,
				3EC2CEA315ADDBF70074B422 /* NativeComponentsInternal.h */,
				3EC2CEA415ADDBF70074B422 /* NCBackButtonBuilder.h */,
				F16D6D1F1755C267007E3556 /* NCBarButtonItem.h */,
				3EC2CEA515ADDBF70074B422 /* NCButton.h */,
				3EC2CEA615ADDBF70074B422 /* NCButtonBuilder.h */,
				3EC2CEA715ADDBF70074B422 /* NCContainer.h */,
				3EC2CEA815ADDBF70074B422 /* NCLabelBuilder.h */,
				3EC2CEA915ADDBF70074B422 /* NCManager.h */,
				3EC2CEAA15ADDBF70074B422 /* NCSearchBar.h */,
				3EC2CEAB15ADDBF70074B422 /* NCSearchBoxBuilder.h */,
				3EC2CEAC15ADDBF70074B422 /* NCSegmentBuilder.h */,
				3EC2CEAD15ADDBF70074B422 /* NCTabbarItemBuilder.h */,
				3EC2CEAE15ADDBF70074B422 /* NCTitleView.h */,
				3EC2CEAF15ADDBF70074B422 /* NCToolbar.h */,
				F16D6D1A1755C267007E3556 /* Spinner */,
				3EC2CEB015ADDBF70074B422 /* UILabel+Resize.h */,
			);
			path = MFNativeComponent;
			sourceTree = "<group>";
		};
		3EC2CEB115ADDBF70074B422 /* MonacaFramework */ = {
			isa = PBXGroup;
			children = (
				10CB7FE316F8C10000E250BD /* libMonacaFramework.a */,
				3EC2CEB315ADDBF70074B422 /* MFDelegate.h */,
				3E638779169ED05100DDF852 /* MFEvent.h */,
				F16D6D181755C1A2007E3556 /* MFJSInterfaceProtocol.h */,
				3EC2CEB415ADDBF70074B422 /* MFNavigationController.h */,
				3EC2CEB515ADDBF70074B422 /* MFSecureFileURLProtocol.h */,
				3EC2CEB715ADDBF70074B422 /* MFUtility.h */,
				3EC2CEB615ADDBF70074B422 /* MFViewController.h */,
				3E63877A169ED05100DDF852 /* MonacaNoCacheURLProtocol.h */,
				3E63877B169ED05100DDF852 /* MonacaQueryParamURLProtocol.h */,
			);
			path = MonacaFramework;
			sourceTree = "<group>";
		};
		F16D6D1A1755C267007E3556 /* Spinner */ = {
			isa = PBXGroup;
			children = (
				F16D6D1B1755C267007E3556 /* MFSpinnerParameter.h */,
				F16D6D1C1755C267007E3556 /* MFSpinnerView.h */,
				F16D6D1D1755C267007E3556 /* spinner.png */,
				F16D6D1E1755C267007E3556 /* spinner@2x.png */,
			);
			path = Spinner;
			sourceTree = "<group>";
		};
		F16D6D221755C2B8007E3556 /* InnovationPlusPlugin */ = {
			isa = PBXGroup;
			children = (
				F16D6D231755C2B8007E3556 /* ApplicationResourceDelegate.h */,
				F16D6D241755C2B8007E3556 /* GeolocationDelegate.h */,
				F16D6D251755C2B8007E3556 /* IPP_RESTKit4iOS.framework */,
				F16D6D261755C2B8007E3556 /* MICommunication-info.plist */,
				F16D6D271755C2B8007E3556 /* MIPCommunicationPlugin.h */,
				F16D6D281755C2B8007E3556 /* MIPUtility.h */,
				F16D6D291755C2B8007E3556 /* ProfileDelegate.h */,
				F16D6D2A1755C2B8007E3556 /* UserDelegate.h */,
			);
			path = InnovationPlusPlugin;
			sourceTree = "<group>";
		};
		F18D955C1797DA280067AD5A /* Resources */ = {
			isa = PBXGroup;
			children = (
			);
			path = Resources;
			sourceTree = "<group>";
		};
		F561617613FA921C009FB9FF /* Icon */ = {
			isa = PBXGroup;
			children = (
				F561617713FA925E009FB9FF /* Icon-72.png */,
				F561616013FA8DAF009FB9FF /* Icon@2x.png */,
				F561616113FA8DAF009FB9FF /* Icon.png */,
			);
			name = Icon;
			sourceTree = "<group>";
		};
		F561617B13FA9293009FB9FF /* Splash */ = {
			isa = PBXGroup;
			children = (
				3E675B501618A31A0001AD2C /* Default-568h@2x.png */,
				F5AE52E013FA95E100ABDCD9 /* Default-Portrait~ipad.png */,
				F561616C13FA8F1A009FB9FF /* Default.png */,
				F561616D13FA8F1B009FB9FF /* Default@2x.png */,
			);
			name = Splash;
			sourceTree = "<group>";
		};
		F57E51B313D2CBC400074B18 /* Plugins */ = {
			isa = PBXGroup;
			children = (
				F16D6D221755C2B8007E3556 /* InnovationPlusPlugin */,
				3E58C487166BC05D001E01B8 /* CordovaLib */,
				3E675B4A1618A21C0001AD2C /* PhoneGap */,
				3E52E26115DDECC000609CFE /* PGPlugins */,
				3EC2CE9D15ADDBF70074B422 /* MFNativeComponent */,
				3EC2CEB115ADDBF70074B422 /* MonacaFramework */,
			);
			path = Plugins;
			sourceTree = "<group>";
		};
		F5FE5E6613CC28BE00FE7C2A = {
			isa = PBXGroup;
			children = (
				F5FE5E7B13CC28C300FE7C2A /* MonacaSkeleton */,
				F5FE5E7413CC28C300FE7C2A /* Frameworks */,
				F5FE5E7213CC28C200FE7C2A /* Products */,
			);
			sourceTree = "<group>";
		};
		F5FE5E7213CC28C200FE7C2A /* Products */ = {
			isa = PBXGroup;
			children = (
				F5FE5E7113CC28C200FE7C2A /* MonacaApp.app */,
			);
			name = Products;
			sourceTree = "<group>";
		};
		F5FE5E7413CC28C300FE7C2A /* Frameworks */ = {
			isa = PBXGroup;
			children = (
				3E58C485166BBDBB001E01B8 /* libiconv.dylib */,
				3E58C483166BBDB5001E01B8 /* AssetsLibrary.framework */,
				3E58C480166BBDB0001E01B8 /* CoreVideo.framework */,
				F58FC66D13D7FFBC00362F46 /* Foundation.framework */,
				F58FC66E13D7FFBC00362F46 /* UIKit.framework */,
				F58FC66F13D7FFBC00362F46 /* CoreGraphics.framework */,
				F58FC67013D7FFBC00362F46 /* AddressBook.framework */,
				F58FC67113D7FFBC00362F46 /* AddressBookUI.framework */,
				F58FC67213D7FFBC00362F46 /* AudioToolbox.framework */,
				F58FC67313D7FFBC00362F46 /* AVFoundation.framework */,
				F58FC67413D7FFBC00362F46 /* CoreLocation.framework */,
				F58FC67513D7FFBC00362F46 /* MediaPlayer.framework */,
				F58FC67613D7FFBC00362F46 /* QuartzCore.framework */,
				F58FC67713D7FFBC00362F46 /* SystemConfiguration.framework */,
				F58FC67813D7FFBC00362F46 /* MobileCoreServices.framework */,
				F58FC67913D7FFBC00362F46 /* CoreMedia.framework */,
				4C9EC1422D944D038C61D5B2 /* libz.dylib */,
				729147D6A8924746B4B61CFB /* libsqlite3.dylib */,
				D309E579F77A4F9DA3BCDC9F /* Social.framework */,
				3BC39AA2CEFB4474A248B874 /* Accounts.framework */,
				2E6F9D16651D4F7D91BC8DC7 /* AdSupport.framework */,
				78B113B39262408DA632BD7A /* Security.framework */,
			);
			name = Frameworks;
			sourceTree = "<group>";
		};
		F5FE5E7B13CC28C300FE7C2A /* MonacaSkeleton */ = {
			isa = PBXGroup;
			children = (
				D9363007179A4EB400CEFBA5 /* MonacaSkeleton-Info.plist */,
				D9363005179A4E1700CEFBA5 /* app.json */,
				F57E51B313D2CBC400074B18 /* Plugins */,
				F18D955C1797DA280067AD5A /* Resources */,
				F5FE5E7C13CC28C300FE7C2A /* Supporting Files */,
				F549D0BF13CC61A30047F3F3 /* www */,
			);
			path = MonacaSkeleton;
			sourceTree = "<group>";
		};
		F5FE5E7C13CC28C300FE7C2A /* Supporting Files */ = {
			isa = PBXGroup;
			children = (
				3E3DFB0315E4A1FB001C0AAD /* 404 */,
				F561617B13FA9293009FB9FF /* Splash */,
				F561617613FA921C009FB9FF /* Icon */,
				F58FC6F313D8053100362F46 /* Cordova.plist */,
				F5FE5E7E13CC28C300FE7C2A /* InfoPlist.strings */,
				F5FE5E8213CC28C300FE7C2A /* main.m */,
			);
			name = "Supporting Files";
			sourceTree = "<group>";
		};
/* End PBXGroup section */

/* Begin PBXNativeTarget section */
		F5FE5E7013CC28C200FE7C2A /* MonacaApp */ = {
			isa = PBXNativeTarget;
			buildConfigurationList = F5FE5E9213CC28C400FE7C2A /* Build configuration list for PBXNativeTarget "MonacaApp" */;
			buildPhases = (
				F5FE5E6D13CC28C200FE7C2A /* Sources */,
				F5FE5E6E13CC28C200FE7C2A /* Frameworks */,
				F5FE5E6F13CC28C200FE7C2A /* Resources */,
			);
			buildRules = (
			);
			dependencies = (
			);
			name = MonacaApp;
			productName = MonacaSkeleton;
			productReference = F5FE5E7113CC28C200FE7C2A /* MonacaApp.app */;
			productType = "com.apple.product-type.application";
		};
/* End PBXNativeTarget section */

/* Begin PBXProject section */
		F5FE5E6813CC28BE00FE7C2A /* Project object */ = {
			isa = PBXProject;
			attributes = {
				ORGANIZATIONNAME = "ASIAL CORPORATION";
			};
			buildConfigurationList = F5FE5E6B13CC28BE00FE7C2A /* Build configuration list for PBXProject "MonacaSkeleton" */;
			compatibilityVersion = "Xcode 3.2";
			developmentRegion = English;
			hasScannedForEncodings = 0;
			knownRegions = (
				en,
			);
			mainGroup = F5FE5E6613CC28BE00FE7C2A;
			productRefGroup = F5FE5E7213CC28C200FE7C2A /* Products */;
			projectDirPath = "";
			projectRoot = "";
			targets = (
				F5FE5E7013CC28C200FE7C2A /* MonacaApp */,
			);
		};
/* End PBXProject section */

/* Begin PBXResourcesBuildPhase section */
		F5FE5E6F13CC28C200FE7C2A /* Resources */ = {
			isa = PBXResourcesBuildPhase;
			buildActionMask = 2147483647;
			files = (
				D9363006179A4E1700CEFBA5 /* app.json in Resources */,
				F5FE5E8013CC28C300FE7C2A /* InfoPlist.strings in Resources */,
				F549D0C013CC61A30047F3F3 /* www in Resources */,
				F58FC6F413D8053100362F46 /* Cordova.plist in Resources */,
				F561616213FA8DAF009FB9FF /* Icon@2x.png in Resources */,
				F561616313FA8DAF009FB9FF /* Icon.png in Resources */,
				F561616E13FA8F1B009FB9FF /* Default.png in Resources */,
				F561616F13FA8F1B009FB9FF /* Default@2x.png in Resources */,
				F561617813FA925E009FB9FF /* Icon-72.png in Resources */,
				F5AE52E113FA95E100ABDCD9 /* Default-Portrait~ipad.png in Resources */,
				3E3DFB0415E4A1FB001C0AAD /* 404 in Resources */,
				3E675B511618A31A0001AD2C /* Default-568h@2x.png in Resources */,
				3E94F7AB161AD37500E9A3B6 /* ChildBrowser.bundle in Resources */,
				3E94F7AC161AD37500E9A3B6 /* ChildBrowserViewController.xib in Resources */,
				3E58C4BD166BC05D001E01B8 /* VERSION in Resources */,
				F16D6D201755C267007E3556 /* spinner.png in Resources */,
				F16D6D211755C267007E3556 /* spinner@2x.png in Resources */,
				F16D6D2C1755C2B8007E3556 /* MICommunication-info.plist in Resources */,
				D9363008179A4EB400CEFBA5 /* MonacaSkeleton-Info.plist in Resources */,
			);
			runOnlyForDeploymentPostprocessing = 0;
		};
/* End PBXResourcesBuildPhase section */

/* Begin PBXSourcesBuildPhase section */
		F5FE5E6D13CC28C200FE7C2A /* Sources */ = {
			isa = PBXSourcesBuildPhase;
			buildActionMask = 2147483647;
			files = (
				F5FE5E8313CC28C300FE7C2A /* main.m in Sources */,
				3E58C4CB166BC4FE001E01B8 /* zxing-all-in-one.cpp in Sources */,
			);
			runOnlyForDeploymentPostprocessing = 0;
		};
/* End PBXSourcesBuildPhase section */

/* Begin PBXVariantGroup section */
		F5FE5E7E13CC28C300FE7C2A /* InfoPlist.strings */ = {
			isa = PBXVariantGroup;
			children = (
				F5FE5E7F13CC28C300FE7C2A /* en */,
			);
			name = InfoPlist.strings;
			sourceTree = "<group>";
		};
/* End PBXVariantGroup section */

/* Begin XCBuildConfiguration section */
		F5FE5E9013CC28C400FE7C2A /* Debug */ = {
			isa = XCBuildConfiguration;
			buildSettings = {
				ARCHS = "$(ARCHS_STANDARD_32_BIT)";
				"CODE_SIGN_IDENTITY[sdk=iphoneos*]" = "iPhone Developer";
				GCC_C_LANGUAGE_STANDARD = gnu99;
				GCC_OPTIMIZATION_LEVEL = 0;
				GCC_PREPROCESSOR_DEFINITIONS = DEBUG;
				GCC_SYMBOLS_PRIVATE_EXTERN = NO;
				GCC_VERSION = com.apple.compilers.llvmgcc42;
				GCC_WARN_ABOUT_RETURN_TYPE = YES;
				GCC_WARN_UNUSED_VARIABLE = YES;
				IPHONEOS_DEPLOYMENT_TARGET = 4.0;
				SDKROOT = iphoneos;
			};
			name = Debug;
		};
		F5FE5E9113CC28C400FE7C2A /* Release */ = {
			isa = XCBuildConfiguration;
			buildSettings = {
				ARCHS = "$(ARCHS_STANDARD_32_BIT)";
				"CODE_SIGN_IDENTITY[sdk=iphoneos*]" = "iPhone Developer";
				GCC_C_LANGUAGE_STANDARD = gnu99;
				GCC_VERSION = com.apple.compilers.llvmgcc42;
				GCC_WARN_ABOUT_RETURN_TYPE = YES;
				GCC_WARN_UNUSED_VARIABLE = YES;
				IPHONEOS_DEPLOYMENT_TARGET = 4.0;
				OTHER_CFLAGS = "-DNS_BLOCK_ASSERTIONS=1";
				SDKROOT = iphoneos;
			};
			name = Release;
		};
		F5FE5E9313CC28C400FE7C2A /* Debug */ = {
			isa = XCBuildConfiguration;
			buildSettings = {
				ALWAYS_SEARCH_USER_PATHS = NO;
				ARCHS = "$(ARCHS_STANDARD_32_BIT)";
				COPY_PHASE_STRIP = NO;
				FRAMEWORK_SEARCH_PATHS = (
					"$(inherited)",
					"\"$(SRCROOT)/MonacaSkeleton/Plugins\"",
					"\"$(SRCROOT)/MonacaSkeleton/Plugins/InnovationPlusPlugin\"",
				);
				GCC_DYNAMIC_NO_PIC = NO;
				GCC_PRECOMPILE_PREFIX_HEADER = YES;
				GCC_PREFIX_HEADER = "MonacaSkeleton/MonacaSkeleton-Prefix.pch";
				GCC_VERSION = com.apple.compilers.llvm.clang.1_0;
				INFOPLIST_FILE = "MonacaSkeleton/MonacaSkeleton-Info.plist";
				IPHONEOS_DEPLOYMENT_TARGET = 4.3;
				LIBRARY_SEARCH_PATHS = (
					"$(inherited)",
					"\"$(SRCROOT)/MonacaSkeleton/Plugins/MonacaFramework\"",
				);
				ONLY_ACTIVE_ARCH = YES;
				OTHER_LDFLAGS = "-ObjC";
				PRODUCT_NAME = "$(TARGET_NAME)";
				TARGETED_DEVICE_FAMILY = "$(TARGETED_DEVICE_FAMILY)";
				VALID_ARCHS = "armv7 armv7s";
				WRAPPER_EXTENSION = app;
			};
			name = Debug;
		};
		F5FE5E9413CC28C400FE7C2A /* Release */ = {
			isa = XCBuildConfiguration;
			buildSettings = {
				ALWAYS_SEARCH_USER_PATHS = NO;
				ARCHS = "$(ARCHS_STANDARD_32_BIT)";
				COPY_PHASE_STRIP = YES;
				FRAMEWORK_SEARCH_PATHS = (
					"$(inherited)",
					"\"$(SRCROOT)/MonacaSkeleton/Plugins\"",
					"\"$(SRCROOT)/MonacaSkeleton/Plugins/InnovationPlusPlugin\"",
				);
				GCC_PRECOMPILE_PREFIX_HEADER = YES;
				GCC_PREFIX_HEADER = "MonacaSkeleton/MonacaSkeleton-Prefix.pch";
				GCC_VERSION = com.apple.compilers.llvm.clang.1_0;
				INFOPLIST_FILE = "MonacaSkeleton/MonacaSkeleton-Info.plist";
				IPHONEOS_DEPLOYMENT_TARGET = 4.3;
				LIBRARY_SEARCH_PATHS = (
					"$(inherited)",
					"\"$(SRCROOT)/MonacaSkeleton/Plugins/MonacaFramework\"",
					"\"$(SRCROOT)/$(TARGET_NAME)/Plugins/com.testflightapp.cordova.plugin\"",
					"\"$(SRCROOT)/$(TARGET_NAME)/Plugins/com.testflightapp.cordova.plugin\"",
					"\"$(SRCROOT)/$(TARGET_NAME)/Plugins/com.testflightapp.cordova.plugin\"",
					"\"$(SRCROOT)/$(TARGET_NAME)/Plugins/com.testflightapp.cordova.plugin\"",
					"\"$(SRCROOT)/$(TARGET_NAME)/Plugins/com.testflightapp.cordova.plugin\"",
					"\"$(SRCROOT)/$(TARGET_NAME)/Plugins/com.testflightapp.cordova.plugin\"",
					"\"$(SRCROOT)/$(TARGET_NAME)/Plugins/com.testflightapp.cordova.plugin\"",
					"\"$(SRCROOT)/$(TARGET_NAME)/Plugins/com.phonegap.plugins.facebookconnect\"",
					"\"$(SRCROOT)/$(TARGET_NAME)/Plugins/com.phonegap.plugins.facebookconnect\"",
					"\"$(SRCROOT)/$(TARGET_NAME)/Plugins/com.phonegap.plugins.facebookconnect\"",
					"\"$(SRCROOT)/$(TARGET_NAME)/Plugins/com.phonegap.plugins.facebookconnect\"",
					"\"$(SRCROOT)/$(TARGET_NAME)/Plugins/com.phonegap.plugins.facebookconnect\"",
					"\"$(SRCROOT)/$(TARGET_NAME)/Plugins/com.phonegap.plugins.facebookconnect\"",
				);
				ONLY_ACTIVE_ARCH = YES;
				OTHER_LDFLAGS = "-ObjC";
				PRODUCT_NAME = "$(TARGET_NAME)";
				TARGETED_DEVICE_FAMILY = "$(TARGETED_DEVICE_FAMILY)";
				VALIDATE_PRODUCT = YES;
				VALID_ARCHS = "armv7 armv7s";
				WRAPPER_EXTENSION = app;
			};
			name = Release;
		};
/* End XCBuildConfiguration section */

/* Begin XCConfigurationList section */
		F5FE5E6B13CC28BE00FE7C2A /* Build configuration list for PBXProject "MonacaSkeleton" */ = {
			isa = XCConfigurationList;
			buildConfigurations = (
				F5FE5E9013CC28C400FE7C2A /* Debug */,
				F5FE5E9113CC28C400FE7C2A /* Release */,
			);
			defaultConfigurationIsVisible = 0;
			defaultConfigurationName = Release;
		};
		F5FE5E9213CC28C400FE7C2A /* Build configuration list for PBXNativeTarget "MonacaApp" */ = {
			isa = XCConfigurationList;
			buildConfigurations = (
				F5FE5E9313CC28C400FE7C2A /* Debug */,
				F5FE5E9413CC28C400FE7C2A /* Release */,
			);
			defaultConfigurationIsVisible = 0;
			defaultConfigurationName = Release;
		};
/* End XCConfigurationList section */
	};
	rootObject = F5FE5E6813CC28BE00FE7C2A /* Project object */;
}
